
Microsoft Visual Studio Solution File, Format Version 12.00
# Visual Studio Version 17
VisualStudioVersion = 17.5.002.0
MinimumVisualStudioVersion = 10.0.40219.1
Project("{9A19103F-16F7-4668-BE54-9A1E7A4F7556}") = "MinimalAPIS", "MinimalAPIS.csproj", "{8AEDA7B2-8F3F-4132-A88D-5C4A40F99FD5}"
EndProject
Global
	GlobalSection(SolutionConfigurationPlatforms) = preSolution
		Debug|Any CPU = Debug|Any CPU
		Release|Any CPU = Release|Any CPU
	EndGlobalSection
	GlobalSection(ProjectConfigurationPlatforms) = postSolution
		{8AEDA7B2-8F3F-4132-A88D-5C4A40F99FD5}.Debug|Any CPU.ActiveCfg = Debug|Any CPU
		{8AEDA7B2-8F3F-4132-A88D-5C4A40F99FD5}.Debug|Any CPU.Build.0 = Debug|Any CPU
		{8AEDA7B2-8F3F-4132-A88D-5C4A40F99FD5}.Release|Any CPU.ActiveCfg = Release|Any CPU
		{8AEDA7B2-8F3F-4132-A88D-5C4A40F99FD5}.Release|Any CPU.Build.0 = Release|Any CPU
	EndGlobalSection
	GlobalSection(SolutionProperties) = preSolution
		HideSolutionNode = FALSE
	EndGlobalSection
	GlobalSection(ExtensibilityGlobals) = postSolution
		SolutionGuid = {72691A15-3082-48C0-9CE1-9DD81A2C2792}
	EndGlobalSection
EndGlobal
